
Microsoft Visual Studio Solution File, Format Version 12.00
# Visual Studio Version 17
VisualStudioVersion = 17.1.32421.90
MinimumVisualStudioVersion = 10.0.40219.1
Project("{2150E333-8FDC-42A3-9474-1A3956D46DE8}") = "Singleton", "Singleton", "{57266B2A-4746-4117-91AF-D59BE9FE7730}"
EndProject
Project("{9A19103F-16F7-4668-BE54-9A1E7A4F7556}") = "01_Singleton", "01_Singleton\01_Singleton.csproj", "{9A2B98B7-74AA-4D3C-A77B-E523FF9ED267}"
EndProject
Project("{9A19103F-16F7-4668-BE54-9A1E7A4F7556}") = "02_Singleton", "02_Singleton\02_Singleton.csproj", "{96B98C0E-015D-419A-88D7-28CB9895BAC7}"
EndProject
Project("{9A19103F-16F7-4668-BE54-9A1E7A4F7556}") = "03_Singleton", "03_Singleton\03_Singleton.csproj", "{B44F075E-C7A3-4DE7-A11A-9B41BA0283B3}"
EndProject
Project("{2150E333-8FDC-42A3-9474-1A3956D46DE8}") = "Factory", "Factory", "{F2D0CFA0-101D-4705-BDC9-236A31F5C96F}"
EndProject
Project("{9A19103F-16F7-4668-BE54-9A1E7A4F7556}") = "01_Factory", "01_Factory\01_Factory.csproj", "{9B716AC4-17AC-4319-A423-581D2FF4B3E6}"
EndProject
Project("{9A19103F-16F7-4668-BE54-9A1E7A4F7556}") = "02_DI", "02_DI\02_DI.csproj", "{5EC35899-1C76-4D2C-8C89-118334F7AA11}"
EndProject
Project("{9A19103F-16F7-4668-BE54-9A1E7A4F7556}") = "03_Factory", "03_Factory\03_Factory.csproj", "{C716B608-1273-4EE6-A19B-A5EAEFD30D23}"
EndProject
Project("{9A19103F-16F7-4668-BE54-9A1E7A4F7556}") = "03_Factory.Lib", "03_Factory.Lib\03_Factory.Lib.csproj", "{002DAE3B-7E7B-4F25-BE9A-6AED82CCA626}"
EndProject
Project("{2150E333-8FDC-42A3-9474-1A3956D46DE8}") = "AbstractFactory", "AbstractFactory", "{18E74608-C0ED-4767-85F2-8095F543EB79}"
EndProject
Project("{FAE04EC0-301F-11D3-BF4B-00C04F79EFBC}") = "01_AbstractFactory", "01_AbstractFactory\01_AbstractFactory.csproj", "{E482ADDB-B912-4FDC-9870-9ECAF80801F9}"
EndProject
Project("{FAE04EC0-301F-11D3-BF4B-00C04F79EFBC}") = "02_AbstractFactory", "02_AbstractFactory\02_AbstractFactory.csproj", "{A3E42636-5EFB-4353-A462-16776A4919FF}"
EndProject
Global
	GlobalSection(SolutionConfigurationPlatforms) = preSolution
		Debug|Any CPU = Debug|Any CPU
		Release|Any CPU = Release|Any CPU
	EndGlobalSection
	GlobalSection(ProjectConfigurationPlatforms) = postSolution
		{9A2B98B7-74AA-4D3C-A77B-E523FF9ED267}.Debug|Any CPU.ActiveCfg = Debug|Any CPU
		{9A2B98B7-74AA-4D3C-A77B-E523FF9ED267}.Debug|Any CPU.Build.0 = Debug|Any CPU
		{9A2B98B7-74AA-4D3C-A77B-E523FF9ED267}.Release|Any CPU.ActiveCfg = Release|Any CPU
		{9A2B98B7-74AA-4D3C-A77B-E523FF9ED267}.Release|Any CPU.Build.0 = Release|Any CPU
		{96B98C0E-015D-419A-88D7-28CB9895BAC7}.Debug|Any CPU.ActiveCfg = Debug|Any CPU
		{96B98C0E-015D-419A-88D7-28CB9895BAC7}.Debug|Any CPU.Build.0 = Debug|Any CPU
		{96B98C0E-015D-419A-88D7-28CB9895BAC7}.Release|Any CPU.ActiveCfg = Release|Any CPU
		{96B98C0E-015D-419A-88D7-28CB9895BAC7}.Release|Any CPU.Build.0 = Release|Any CPU
		{B44F075E-C7A3-4DE7-A11A-9B41BA0283B3}.Debug|Any CPU.ActiveCfg = Debug|Any CPU
		{B44F075E-C7A3-4DE7-A11A-9B41BA0283B3}.Debug|Any CPU.Build.0 = Debug|Any CPU
		{B44F075E-C7A3-4DE7-A11A-9B41BA0283B3}.Release|Any CPU.ActiveCfg = Release|Any CPU
		{B44F075E-C7A3-4DE7-A11A-9B41BA0283B3}.Release|Any CPU.Build.0 = Release|Any CPU
		{9B716AC4-17AC-4319-A423-581D2FF4B3E6}.Debug|Any CPU.ActiveCfg = Debug|Any CPU
		{9B716AC4-17AC-4319-A423-581D2FF4B3E6}.Debug|Any CPU.Build.0 = Debug|Any CPU
		{9B716AC4-17AC-4319-A423-581D2FF4B3E6}.Release|Any CPU.ActiveCfg = Release|Any CPU
		{9B716AC4-17AC-4319-A423-581D2FF4B3E6}.Release|Any CPU.Build.0 = Release|Any CPU
		{5EC35899-1C76-4D2C-8C89-118334F7AA11}.Debug|Any CPU.ActiveCfg = Debug|Any CPU
		{5EC35899-1C76-4D2C-8C89-118334F7AA11}.Debug|Any CPU.Build.0 = Debug|Any CPU
		{5EC35899-1C76-4D2C-8C89-118334F7AA11}.Release|Any CPU.ActiveCfg = Release|Any CPU
		{5EC35899-1C76-4D2C-8C89-118334F7AA11}.Release|Any CPU.Build.0 = Release|Any CPU
		{C716B608-1273-4EE6-A19B-A5EAEFD30D23}.Debug|Any CPU.ActiveCfg = Debug|Any CPU
		{C716B608-1273-4EE6-A19B-A5EAEFD30D23}.Debug|Any CPU.Build.0 = Debug|Any CPU
		{C716B608-1273-4EE6-A19B-A5EAEFD30D23}.Release|Any CPU.ActiveCfg = Release|Any CPU
		{C716B608-1273-4EE6-A19B-A5EAEFD30D23}.Release|Any CPU.Build.0 = Release|Any CPU
		{002DAE3B-7E7B-4F25-BE9A-6AED82CCA626}.Debug|Any CPU.ActiveCfg = Debug|Any CPU
		{002DAE3B-7E7B-4F25-BE9A-6AED82CCA626}.Debug|Any CPU.Build.0 = Debug|Any CPU
		{002DAE3B-7E7B-4F25-BE9A-6AED82CCA626}.Release|Any CPU.ActiveCfg = Release|Any CPU
		{002DAE3B-7E7B-4F25-BE9A-6AED82CCA626}.Release|Any CPU.Build.0 = Release|Any CPU
		{E482ADDB-B912-4FDC-9870-9ECAF80801F9}.Debug|Any CPU.ActiveCfg = Debug|Any CPU
		{E482ADDB-B912-4FDC-9870-9ECAF80801F9}.Debug|Any CPU.Build.0 = Debug|Any CPU
		{E482ADDB-B912-4FDC-9870-9ECAF80801F9}.Release|Any CPU.ActiveCfg = Release|Any CPU
		{E482ADDB-B912-4FDC-9870-9ECAF80801F9}.Release|Any CPU.Build.0 = Release|Any CPU
		{A3E42636-5EFB-4353-A462-16776A4919FF}.Debug|Any CPU.ActiveCfg = Debug|Any CPU
		{A3E42636-5EFB-4353-A462-16776A4919FF}.Debug|Any CPU.Build.0 = Debug|Any CPU
		{A3E42636-5EFB-4353-A462-16776A4919FF}.Release|Any CPU.ActiveCfg = Release|Any CPU
		{A3E42636-5EFB-4353-A462-16776A4919FF}.Release|Any CPU.Build.0 = Release|Any CPU
	EndGlobalSection
	GlobalSection(SolutionProperties) = preSolution
		HideSolutionNode = FALSE
	EndGlobalSection
	GlobalSection(NestedProjects) = preSolution
		{9A2B98B7-74AA-4D3C-A77B-E523FF9ED267} = {57266B2A-4746-4117-91AF-D59BE9FE7730}
		{96B98C0E-015D-419A-88D7-28CB9895BAC7} = {57266B2A-4746-4117-91AF-D59BE9FE7730}
		{B44F075E-C7A3-4DE7-A11A-9B41BA0283B3} = {57266B2A-4746-4117-91AF-D59BE9FE7730}
		{9B716AC4-17AC-4319-A423-581D2FF4B3E6} = {F2D0CFA0-101D-4705-BDC9-236A31F5C96F}
		{5EC35899-1C76-4D2C-8C89-118334F7AA11} = {F2D0CFA0-101D-4705-BDC9-236A31F5C96F}
		{C716B608-1273-4EE6-A19B-A5EAEFD30D23} = {F2D0CFA0-101D-4705-BDC9-236A31F5C96F}
		{002DAE3B-7E7B-4F25-BE9A-6AED82CCA626} = {F2D0CFA0-101D-4705-BDC9-236A31F5C96F}
		{E482ADDB-B912-4FDC-9870-9ECAF80801F9} = {18E74608-C0ED-4767-85F2-8095F543EB79}
		{A3E42636-5EFB-4353-A462-16776A4919FF} = {18E74608-C0ED-4767-85F2-8095F543EB79}
	EndGlobalSection
	GlobalSection(ExtensibilityGlobals) = postSolution
		SolutionGuid = {ED962C20-F3AF-4474-9032-C6E387FC7F27}
	EndGlobalSection
EndGlobal
